
Microsoft Visual Studio Solution File, Format Version 12.00
# Visual Studio Version 17
VisualStudioVersion = 17.7.34024.191
MinimumVisualStudioVersion = 10.0.40219.1
Project("{9A19103F-16F7-4668-BE54-9A1E7A4F7556}") = "Domain", "Domain\Domain.csproj", "{F3EB72C0-07F7-475D-A56E-D14B70F68017}"
EndProject
Project("{9A19103F-16F7-4668-BE54-9A1E7A4F7556}") = "Persistence", "Persistence\Persistence.csproj", "{63491B53-D8A7-465A-B714-FFC392E84639}"
EndProject
Project("{9A19103F-16F7-4668-BE54-9A1E7A4F7556}") = "API", "API\API.csproj", "{82D7D276-EB82-44B9-A212-58F8B388C31A}"
EndProject
Project("{9A19103F-16F7-4668-BE54-9A1E7A4F7556}") = "Application", "Application\Application.csproj", "{EA3BC0CD-85D8-4F7D-ACE2-EE288687F3D5}"
EndProject
Project("{FAE04EC0-301F-11D3-BF4B-00C04F79EFBC}") = "Application.UnitTests", "Application.UnitTests\Application.UnitTests.csproj", "{EAF597F4-3754-4DAD-8524-310ACC2D98F5}"
EndProject
Project("{FAE04EC0-301F-11D3-BF4B-00C04F79EFBC}") = "API.UnitTests", "API.UnitTests\API.UnitTests.csproj", "{1105E417-8ED9-43CF-9E8E-A3AB82862ACF}"
EndProject
Global
	GlobalSection(SolutionConfigurationPlatforms) = preSolution
		Debug|Any CPU = Debug|Any CPU
		Release|Any CPU = Release|Any CPU
	EndGlobalSection
	GlobalSection(ProjectConfigurationPlatforms) = postSolution
		{F3EB72C0-07F7-475D-A56E-D14B70F68017}.Debug|Any CPU.ActiveCfg = Debug|Any CPU
		{F3EB72C0-07F7-475D-A56E-D14B70F68017}.Debug|Any CPU.Build.0 = Debug|Any CPU
		{F3EB72C0-07F7-475D-A56E-D14B70F68017}.Release|Any CPU.ActiveCfg = Release|Any CPU
		{F3EB72C0-07F7-475D-A56E-D14B70F68017}.Release|Any CPU.Build.0 = Release|Any CPU
		{63491B53-D8A7-465A-B714-FFC392E84639}.Debug|Any CPU.ActiveCfg = Debug|Any CPU
		{63491B53-D8A7-465A-B714-FFC392E84639}.Debug|Any CPU.Build.0 = Debug|Any CPU
		{63491B53-D8A7-465A-B714-FFC392E84639}.Release|Any CPU.ActiveCfg = Release|Any CPU
		{63491B53-D8A7-465A-B714-FFC392E84639}.Release|Any CPU.Build.0 = Release|Any CPU
		{82D7D276-EB82-44B9-A212-58F8B388C31A}.Debug|Any CPU.ActiveCfg = Debug|Any CPU
		{82D7D276-EB82-44B9-A212-58F8B388C31A}.Debug|Any CPU.Build.0 = Debug|Any CPU
		{82D7D276-EB82-44B9-A212-58F8B388C31A}.Release|Any CPU.ActiveCfg = Release|Any CPU
		{82D7D276-EB82-44B9-A212-58F8B388C31A}.Release|Any CPU.Build.0 = Release|Any CPU
		{EA3BC0CD-85D8-4F7D-ACE2-EE288687F3D5}.Debug|Any CPU.ActiveCfg = Debug|Any CPU
		{EA3BC0CD-85D8-4F7D-ACE2-EE288687F3D5}.Debug|Any CPU.Build.0 = Debug|Any CPU
		{EA3BC0CD-85D8-4F7D-ACE2-EE288687F3D5}.Release|Any CPU.ActiveCfg = Release|Any CPU
		{EA3BC0CD-85D8-4F7D-ACE2-EE288687F3D5}.Release|Any CPU.Build.0 = Release|Any CPU
		{EAF597F4-3754-4DAD-8524-310ACC2D98F5}.Debug|Any CPU.ActiveCfg = Debug|Any CPU
		{EAF597F4-3754-4DAD-8524-310ACC2D98F5}.Debug|Any CPU.Build.0 = Debug|Any CPU
		{EAF597F4-3754-4DAD-8524-310ACC2D98F5}.Release|Any CPU.ActiveCfg = Release|Any CPU
		{EAF597F4-3754-4DAD-8524-310ACC2D98F5}.Release|Any CPU.Build.0 = Release|Any CPU
		{1105E417-8ED9-43CF-9E8E-A3AB82862ACF}.Debug|Any CPU.ActiveCfg = Debug|Any CPU
		{1105E417-8ED9-43CF-9E8E-A3AB82862ACF}.Debug|Any CPU.Build.0 = Debug|Any CPU
		{1105E417-8ED9-43CF-9E8E-A3AB82862ACF}.Release|Any CPU.ActiveCfg = Release|Any CPU
		{1105E417-8ED9-43CF-9E8E-A3AB82862ACF}.Release|Any CPU.Build.0 = Release|Any CPU
	EndGlobalSection
	GlobalSection(SolutionProperties) = preSolution
		HideSolutionNode = FALSE
	EndGlobalSection
	GlobalSection(ExtensibilityGlobals) = postSolution
		SolutionGuid = {7EEE7715-45E9-415C-9968-5ABD6C1AF577}
	EndGlobalSection
EndGlobal
